<?xml version="1.0" encoding="utf-8"?>
<Project ToolsVersion="4.0" xmlns="http://schemas.microsoft.com/developer/msbuild/2003">
  <ItemGroup>
    <ClCompile Include="Extras\Camera.cpp">
      <Filter>Source</Filter>
    </ClCompile>
    <ClCompile Include="Extras\GLFontRenderer.cpp">
      <Filter>Source</Filter>
    </ClCompile>
    <ClCompile Include="PhysicsEngine.cpp">
      <Filter>Source</Filter>
    </ClCompile>
    <ClCompile Include="Extras\Renderer.cpp">
      <Filter>Source</Filter>
    </ClCompile>
    <ClCompile Include="Tutorial 3.cpp">
      <Filter>Source</Filter>
    </ClCompile>
    <ClCompile Include="VisualDebugger.cpp">
      <Filter>Source</Filter>
    </ClCompile>
  </ItemGroup>
  <ItemGroup>
    <ClInclude Include="BasicActors.h">
      <Filter>Header</Filter>
    </ClInclude>
    <ClInclude Include="Extras\Camera.h">
      <Filter>Header</Filter>
    </ClInclude>
    <ClInclude Include="Exception.h">
      <Filter>Header</Filter>
    </ClInclude>
    <ClInclude Include="Extras\GLFontData.h">
      <Filter>Header</Filter>
    </ClInclude>
    <ClInclude Include="Extras\GLFontRenderer.h">
      <Filter>Header</Filter>
    </ClInclude>
    <ClInclude Include="Extras\HUD.h">
      <Filter>Header</Filter>
    </ClInclude>
    <ClInclude Include="MyPhysicsEngine.h">
      <Filter>Header</Filter>
    </ClInclude>
    <ClInclude Include="PhysicsEngine.h">
      <Filter>Header</Filter>
    </ClInclude>
    <ClInclude Include="Extras\Renderer.h">
      <Filter>Header</Filter>
    </ClInclude>
    <ClInclude Include="Extras\UserData.h">
      <Filter>Header</Filter>
    </ClInclude>
    <ClInclude Include="VisualDebugger.h">
      <Filter>Header</Filter>
    </ClInclude>
  </ItemGroup>
  <ItemGroup>
    <Filter Include="Source">
      <UniqueIdentifier>{277d3e98-073d-4c91-944e-c0cf33cd78ab}</UniqueIdentifier>
    </Filter>
    <Filter Include="Header">
      <UniqueIdentifier>{1578fa0d-279a-43a9-ab82-0c9c952b3d48}</UniqueIdentifier>
    </Filter>
  </ItemGroup>
</Project>